<Solution>
  <Folder Name="/SolutionFiles/">
    <File Path=".gitignore" />
  </Folder>
  <Project Path="Bot\Bot.csproj" Type="C#" />
  <Project Path="MinecraftProtoNet.Auth\MinecraftProtoNet.Auth.csproj" Type="C#" />
  <Project Path="MinecraftProtoNet.NBT\MinecraftProtoNet.NBT.csproj" Type="C#" />
  <Project Path="MinecraftProtoNet\MinecraftProtoNet.csproj" Type="C#" />
</Solution>
