<Solution>
  <Folder Name="/SolutionFiles/">
    <File Path=".gitignore" />
  </Folder>
  <Folder Name="/Tools/">
    <Project Path="Tools/PacketIdSync/PacketIdSync.csproj" />
  </Folder>
  <Project Path="Bot-Web/Bot-Web.csproj" />
  <Project Path="MinecraftProtoNet.Auth\MinecraftProtoNet.Auth.csproj" />
  <Project Path="MinecraftProtoNet.NBT\MinecraftProtoNet.NBT.csproj" />
  <Project Path="MinecraftProtoNet\MinecraftProtoNet.csproj" />
</Solution>
